
Microsoft Visual Studio Solution File, Format Version 12.00
Project("{FAE04EC0-301F-11D3-BF4B-00C04F79EFBC}") = "ShowCase.API", "ShowCase.API\ShowCase.API.csproj", "{1E45A506-69E4-4C95-9D31-0EB42FC99C65}"
EndProject
Project("{FAE04EC0-301F-11D3-BF4B-00C04F79EFBC}") = "ShowCase.AuthDatabase", "ShowCase.AuthDatabase\ShowCase.AuthDatabase.csproj", "{0F93F5BA-3978-4C31-BCFD-3C89A3E6A5DC}"
EndProject
Project("{FAE04EC0-301F-11D3-BF4B-00C04F79EFBC}") = "ShowCase.Database", "ShowCase.Database\ShowCase.Database.csproj", "{EAA0CF53-74D3-4BBF-A1CC-E01572DF34C8}"
EndProject
Project("{FAE04EC0-301F-11D3-BF4B-00C04F79EFBC}") = "ShowCase.Core", "ShowCase.Core\ShowCase.Core.csproj", "{4F43A99C-7D55-48BB-80FB-FDDB6DE9ACE5}"
EndProject
Global
	GlobalSection(SolutionConfigurationPlatforms) = preSolution
		Debug|Any CPU = Debug|Any CPU
		Release|Any CPU = Release|Any CPU
	EndGlobalSection
	GlobalSection(ProjectConfigurationPlatforms) = postSolution
		{1E45A506-69E4-4C95-9D31-0EB42FC99C65}.Debug|Any CPU.ActiveCfg = Debug|Any CPU
		{1E45A506-69E4-4C95-9D31-0EB42FC99C65}.Debug|Any CPU.Build.0 = Debug|Any CPU
		{1E45A506-69E4-4C95-9D31-0EB42FC99C65}.Release|Any CPU.ActiveCfg = Release|Any CPU
		{1E45A506-69E4-4C95-9D31-0EB42FC99C65}.Release|Any CPU.Build.0 = Release|Any CPU
		{0F93F5BA-3978-4C31-BCFD-3C89A3E6A5DC}.Debug|Any CPU.ActiveCfg = Debug|Any CPU
		{0F93F5BA-3978-4C31-BCFD-3C89A3E6A5DC}.Debug|Any CPU.Build.0 = Debug|Any CPU
		{0F93F5BA-3978-4C31-BCFD-3C89A3E6A5DC}.Release|Any CPU.ActiveCfg = Release|Any CPU
		{0F93F5BA-3978-4C31-BCFD-3C89A3E6A5DC}.Release|Any CPU.Build.0 = Release|Any CPU
		{EAA0CF53-74D3-4BBF-A1CC-E01572DF34C8}.Debug|Any CPU.ActiveCfg = Debug|Any CPU
		{EAA0CF53-74D3-4BBF-A1CC-E01572DF34C8}.Debug|Any CPU.Build.0 = Debug|Any CPU
		{EAA0CF53-74D3-4BBF-A1CC-E01572DF34C8}.Release|Any CPU.ActiveCfg = Release|Any CPU
		{EAA0CF53-74D3-4BBF-A1CC-E01572DF34C8}.Release|Any CPU.Build.0 = Release|Any CPU
		{4F43A99C-7D55-48BB-80FB-FDDB6DE9ACE5}.Debug|Any CPU.ActiveCfg = Debug|Any CPU
		{4F43A99C-7D55-48BB-80FB-FDDB6DE9ACE5}.Debug|Any CPU.Build.0 = Debug|Any CPU
		{4F43A99C-7D55-48BB-80FB-FDDB6DE9ACE5}.Release|Any CPU.ActiveCfg = Release|Any CPU
		{4F43A99C-7D55-48BB-80FB-FDDB6DE9ACE5}.Release|Any CPU.Build.0 = Release|Any CPU
	EndGlobalSection
EndGlobal
